
Microsoft Visual Studio Solution File, Format Version 12.00
# Visual Studio Version 17
VisualStudioVersion = 17.13.35825.156
MinimumVisualStudioVersion = 10.0.40219.1
Project("{FAE04EC0-301F-11D3-BF4B-00C04F79EFBC}") = "MockingBird", "MockingBird\MockingBird.csproj", "{2C764F23-E4A3-49DD-BD46-A0EB32BF884E}"
EndProject
Project("{FAE04EC0-301F-11D3-BF4B-00C04F79EFBC}") = "MockingBird.Console", "MockingBird.Console\MockingBird.Console.csproj", "{DE9DED83-7150-43A2-BD6B-F2705A25BF36}"
EndProject
Global
	GlobalSection(SolutionConfigurationPlatforms) = preSolution
		Debug|Any CPU = Debug|Any CPU
		Debug|x64 = Debug|x64
		Debug|x86 = Debug|x86
		Release|Any CPU = Release|Any CPU
		Release|x64 = Release|x64
		Release|x86 = Release|x86
	EndGlobalSection
	GlobalSection(ProjectConfigurationPlatforms) = postSolution
		{2C764F23-E4A3-49DD-BD46-A0EB32BF884E}.Debug|Any CPU.ActiveCfg = Debug|Any CPU
		{2C764F23-E4A3-49DD-BD46-A0EB32BF884E}.Debug|Any CPU.Build.0 = Debug|Any CPU
		{2C764F23-E4A3-49DD-BD46-A0EB32BF884E}.Debug|x64.ActiveCfg = Debug|Any CPU
		{2C764F23-E4A3-49DD-BD46-A0EB32BF884E}.Debug|x64.Build.0 = Debug|Any CPU
		{2C764F23-E4A3-49DD-BD46-A0EB32BF884E}.Debug|x86.ActiveCfg = Debug|Any CPU
		{2C764F23-E4A3-49DD-BD46-A0EB32BF884E}.Debug|x86.Build.0 = Debug|Any CPU
		{2C764F23-E4A3-49DD-BD46-A0EB32BF884E}.Release|Any CPU.ActiveCfg = Release|Any CPU
		{2C764F23-E4A3-49DD-BD46-A0EB32BF884E}.Release|Any CPU.Build.0 = Release|Any CPU
		{2C764F23-E4A3-49DD-BD46-A0EB32BF884E}.Release|x64.ActiveCfg = Release|Any CPU
		{2C764F23-E4A3-49DD-BD46-A0EB32BF884E}.Release|x64.Build.0 = Release|Any CPU
		{2C764F23-E4A3-49DD-BD46-A0EB32BF884E}.Release|x86.ActiveCfg = Release|Any CPU
		{2C764F23-E4A3-49DD-BD46-A0EB32BF884E}.Release|x86.Build.0 = Release|Any CPU
		{DE9DED83-7150-43A2-BD6B-F2705A25BF36}.Debug|Any CPU.ActiveCfg = Debug|Any CPU
		{DE9DED83-7150-43A2-BD6B-F2705A25BF36}.Debug|Any CPU.Build.0 = Debug|Any CPU
		{DE9DED83-7150-43A2-BD6B-F2705A25BF36}.Debug|x64.ActiveCfg = Debug|Any CPU
		{DE9DED83-7150-43A2-BD6B-F2705A25BF36}.Debug|x64.Build.0 = Debug|Any CPU
		{DE9DED83-7150-43A2-BD6B-F2705A25BF36}.Debug|x86.ActiveCfg = Debug|Any CPU
		{DE9DED83-7150-43A2-BD6B-F2705A25BF36}.Debug|x86.Build.0 = Debug|Any CPU
		{DE9DED83-7150-43A2-BD6B-F2705A25BF36}.Release|Any CPU.ActiveCfg = Release|Any CPU
		{DE9DED83-7150-43A2-BD6B-F2705A25BF36}.Release|Any CPU.Build.0 = Release|Any CPU
		{DE9DED83-7150-43A2-BD6B-F2705A25BF36}.Release|x64.ActiveCfg = Release|Any CPU
		{DE9DED83-7150-43A2-BD6B-F2705A25BF36}.Release|x64.Build.0 = Release|Any CPU
		{DE9DED83-7150-43A2-BD6B-F2705A25BF36}.Release|x86.ActiveCfg = Release|Any CPU
		{DE9DED83-7150-43A2-BD6B-F2705A25BF36}.Release|x86.Build.0 = Release|Any CPU
	EndGlobalSection
	GlobalSection(SolutionProperties) = preSolution
		HideSolutionNode = FALSE
	EndGlobalSection
	GlobalSection(ExtensibilityGlobals) = postSolution
		SolutionGuid = {97F64E76-4DD5-49C3-ADE9-3306BDE9B912}
	EndGlobalSection
EndGlobal
